
Microsoft Visual Studio Solution File, Format Version 12.00
# Visual Studio 15
VisualStudioVersion = 15.0.28307.106
MinimumVisualStudioVersion = 10.0.40219.1
Project("{FAE04EC0-301F-11D3-BF4B-00C04F79EFBC}") = "WebApplication1", "WebApplication1\WebApplication1.csproj", "{EBE61045-72C7-43F7-BFC8-1677AD31B890}"
EndProject
Global
	GlobalSection(SolutionConfigurationPlatforms) = preSolution
		Debug|Any CPU = Debug|Any CPU
		Release|Any CPU = Release|Any CPU
	EndGlobalSection
	GlobalSection(ProjectConfigurationPlatforms) = postSolution
		{EBE61045-72C7-43F7-BFC8-1677AD31B890}.Debug|Any CPU.ActiveCfg = Debug|Any CPU
		{EBE61045-72C7-43F7-BFC8-1677AD31B890}.Debug|Any CPU.Build.0 = Debug|Any CPU
		{EBE61045-72C7-43F7-BFC8-1677AD31B890}.Release|Any CPU.ActiveCfg = Release|Any CPU
		{EBE61045-72C7-43F7-BFC8-1677AD31B890}.Release|Any CPU.Build.0 = Release|Any CPU
	EndGlobalSection
	GlobalSection(SolutionProperties) = preSolution
		HideSolutionNode = FALSE
	EndGlobalSection
	GlobalSection(ExtensibilityGlobals) = postSolution
		SolutionGuid = {1386C572-B9FD-4CFA-9237-9711FE706BF6}
	EndGlobalSection
EndGlobal
